// !$*UTF8*$!
{
	archiveVersion = 1;
	classes = {
	};
	objectVersion = 46;
	objects = {

/* Begin PBXBuildFile section */
		5EAC6E841CD1570400913493 /* main.m in Sources */ = {isa = PBXBuildFile; fileRef = 5EAC6E831CD1570400913493 /* main.m */; };
		5EAC6E871CD1570400913493 /* AppDelegate.m in Sources */ = {isa = PBXBuildFile; fileRef = 5EAC6E861CD1570400913493 /* AppDelegate.m */; };
		5EAC6E8A1CD1570400913493 /* ViewController.m in Sources */ = {isa = PBXBuildFile; fileRef = 5EAC6E891CD1570400913493 /* ViewController.m */; };
		5EAC6E8D1CD1570400913493 /* Main.storyboard in Resources */ = {isa = PBXBuildFile; fileRef = 5EAC6E8B1CD1570400913493 /* Main.storyboard */; };
		5EAC6E8F1CD1570400913493 /* Assets.xcassets in Resources */ = {isa = PBXBuildFile; fileRef = 5EAC6E8E1CD1570400913493 /* Assets.xcassets */; };
		5EAC6E921CD1570400913493 /* LaunchScreen.storyboard in Resources */ = {isa = PBXBuildFile; fileRef = 5EAC6E901CD1570400913493 /* LaunchScreen.storyboard */; };
		5EAC6E9D1CD1570400913493 /* listViewObjCTests.m in Sources */ = {isa = PBXBuildFile; fileRef = 5EAC6E9C1CD1570400913493 /* listViewObjCTests.m */; };
		5EAC6EA81CD1570400913493 /* listViewObjCUITests.m in Sources */ = {isa = PBXBuildFile; fileRef = 5EAC6EA71CD1570400913493 /* listViewObjCUITests.m */; };
/* End PBXBuildFile section */

/* Begin PBXContainerItemProxy section */
		5EAC6E991CD1570400913493 /* PBXContainerItemProxy */ = {
			isa = PBXContainerItemProxy;
			containerPortal = 5EAC6E771CD1570400913493 /* Project object */;
			proxyType = 1;
			remoteGlobalIDString = 5EAC6E7E1CD1570400913493;
			remoteInfo = listViewObjC;
		};
		5EAC6EA41CD1570400913493 /* PBXContainerItemProxy */ = {
			isa = PBXContainerItemProxy;
			containerPortal = 5EAC6E771CD1570400913493 /* Project object */;
			proxyType = 1;
			remoteGlobalIDString = 5EAC6E7E1CD1570400913493;
			remoteInfo = listViewObjC;
		};
/* End PBXContainerItemProxy section */

/* Begin PBXFileReference section */
		5EAC6E7F1CD1570400913493 /* listViewObjC.app */ = {isa = PBXFileReference; explicitFileType = wrapper.application; includeInIndex = 0; path = listViewObjC.app; sourceTree = BUILT_PRODUCTS_DIR; };
		5EAC6E831CD1570400913493 /* main.m */ = {isa = PBXFileReference; lastKnownFileType = sourcecode.c.objc; path = main.m; sourceTree = "<group>"; };
		5EAC6E851CD1570400913493 /* AppDelegate.h */ = {isa = PBXFileReference; lastKnownFileType = sourcecode.c.h; path = AppDelegate.h; sourceTree = "<group>"; };
		5EAC6E861CD1570400913493 /* AppDelegate.m */ = {isa = PBXFileReference; lastKnownFileType = sourcecode.c.objc; path = AppDelegate.m; sourceTree = "<group>"; };
		5EAC6E881CD1570400913493 /* ViewController.h */ = {isa = PBXFileReference; lastKnownFileType = sourcecode.c.h; path = ViewController.h; sourceTree = "<group>"; };
		5EAC6E891CD1570400913493 /* ViewController.m */ = {isa = PBXFileReference; lastKnownFileType = sourcecode.c.objc; path = ViewController.m; sourceTree = "<group>"; };
		5EAC6E8C1CD1570400913493 /* Base */ = {isa = PBXFileReference; lastKnownFileType = file.storyboard; name = Base; path = Base.lproj/Main.storyboard; sourceTree = "<group>"; };
		5EAC6E8E1CD1570400913493 /* Assets.xcassets */ = {isa = PBXFileReference; lastKnownFileType = folder.assetcatalog; path = Assets.xcassets; sourceTree = "<group>"; };
		5EAC6E911CD1570400913493 /* Base */ = {isa = PBXFileReference; lastKnownFileType = file.storyboard; name = Base; path = Base.lproj/LaunchScreen.storyboard; sourceTree = "<group>"; };
		5EAC6E931CD1570400913493 /* Info.plist */ = {isa = PBXFileReference; lastKnownFileType = text.plist.xml; path = Info.plist; sourceTree = "<group>"; };
		5EAC6E981CD1570400913493 /* listViewObjCTests.xctest */ = {isa = PBXFileReference; explicitFileType = wrapper.cfbundle; includeInIndex = 0; path = listViewObjCTests.xctest; sourceTree = BUILT_PRODUCTS_DIR; };
		5EAC6E9C1CD1570400913493 /* listViewObjCTests.m */ = {isa = PBXFileReference; lastKnownFileType = sourcecode.c.objc; path = listViewObjCTests.m; sourceTree = "<group>"; };
		5EAC6E9E1CD1570400913493 /* Info.plist */ = {isa = PBXFileReference; lastKnownFileType = text.plist.xml; path = Info.plist; sourceTree = "<group>"; };
		5EAC6EA31CD1570400913493 /* listViewObjCUITests.xctest */ = {isa = PBXFileReference; explicitFileType = wrapper.cfbundle; includeInIndex = 0; path = listViewObjCUITests.xctest; sourceTree = BUILT_PRODUCTS_DIR; };
		5EAC6EA71CD1570400913493 /* listViewObjCUITests.m */ = {isa = PBXFileReference; lastKnownFileType = sourcecode.c.objc; path = listViewObjCUITests.m; sourceTree = "<group>"; };
		5EAC6EA91CD1570400913493 /* Info.plist */ = {isa = PBXFileReference; lastKnownFileType = text.plist.xml; path = Info.plist; sourceTree = "<group>"; };
/* End PBXFileReference section */

/* Begin PBXFrameworksBuildPhase section */
		5EAC6E7C1CD1570400913493 /* Frameworks */ = {
			isa = PBXFrameworksBuildPhase;
			buildActionMask = 2147483647;
			files = (
			);
			runOnlyForDeploymentPostprocessing = 0;
		};
		5EAC6E951CD1570400913493 /* Frameworks */ = {
			isa = PBXFrameworksBuildPhase;
			buildActionMask = 2147483647;
			files = (
			);
			runOnlyForDeploymentPostprocessing = 0;
		};
		5EAC6EA01CD1570400913493 /* Frameworks */ = {
			isa = PBXFrameworksBuildPhase;
			buildActionMask = 2147483647;
			files = (
			);
			runOnlyForDeploymentPostprocessing = 0;
		};
/* End PBXFrameworksBuildPhase section */

/* Begin PBXGroup section */
		5EAC6E761CD1570400913493 = {
			isa = PBXGroup;
			children = (
				5EAC6E811CD1570400913493 /* listViewObjC */,
				5EAC6E9B1CD1570400913493 /* listViewObjCTests */,
				5EAC6EA61CD1570400913493 /* listViewObjCUITests */,
				5EAC6E801CD1570400913493 /* Products */,
			);
			sourceTree = "<group>";
		};
		5EAC6E801CD1570400913493 /* Products */ = {
			isa = PBXGroup;
			children = (
				5EAC6E7F1CD1570400913493 /* listViewObjC.app */,
				5EAC6E981CD1570400913493 /* listViewObjCTests.xctest */,
				5EAC6EA31CD1570400913493 /* listViewObjCUITests.xctest */,
			);
			name = Products;
			sourceTree = "<group>";
		};
		5EAC6E811CD1570400913493 /* listViewObjC */ = {
			isa = PBXGroup;
			children = (
				5EAC6E851CD1570400913493 /* AppDelegate.h */,
				5EAC6E861CD1570400913493 /* AppDelegate.m */,
				5EAC6E881CD1570400913493 /* ViewController.h */,
				5EAC6E891CD1570400913493 /* ViewController.m */,
				5EAC6E8B1CD1570400913493 /* Main.storyboard */,
				5EAC6E8E1CD1570400913493 /* Assets.xcassets */,
				5EAC6E901CD1570400913493 /* LaunchScreen.storyboard */,
				5EAC6E931CD1570400913493 /* Info.plist */,
				5EAC6E821CD1570400913493 /* Supporting Files */,
			);
			path = listViewObjC;
			sourceTree = "<group>";
		};
		5EAC6E821CD1570400913493 /* Supporting Files */ = {
			isa = PBXGroup;
			children = (
				5EAC6E831CD1570400913493 /* main.m */,
			);
			name = "Supporting Files";
			sourceTree = "<group>";
		};
		5EAC6E9B1CD1570400913493 /* listViewObjCTests */ = {
			isa = PBXGroup;
			children = (
				5EAC6E9C1CD1570400913493 /* listViewObjCTests.m */,
				5EAC6E9E1CD1570400913493 /* Info.plist */,
			);
			path = listViewObjCTests;
			sourceTree = "<group>";
		};
		5EAC6EA61CD1570400913493 /* listViewObjCUITests */ = {
			isa = PBXGroup;
			children = (
				5EAC6EA71CD1570400913493 /* listViewObjCUITests.m */,
				5EAC6EA91CD1570400913493 /* Info.plist */,
			);
			path = listViewObjCUITests;
			sourceTree = "<group>";
		};
/* End PBXGroup section */

/* Begin PBXNativeTarget section */
		5EAC6E7E1CD1570400913493 /* listViewObjC */ = {
			isa = PBXNativeTarget;
			buildConfigurationList = 5EAC6EAC1CD1570400913493 /* Build configuration list for PBXNativeTarget "listViewObjC" */;
			buildPhases = (
				5EAC6E7B1CD1570400913493 /* Sources */,
				5EAC6E7C1CD1570400913493 /* Frameworks */,
				5EAC6E7D1CD1570400913493 /* Resources */,
			);
			buildRules = (
			);
			dependencies = (
			);
			name = listViewObjC;
			productName = listViewObjC;
			productReference = 5EAC6E7F1CD1570400913493 /* listViewObjC.app */;
			productType = "com.apple.product-type.application";
		};
		5EAC6E971CD1570400913493 /* listViewObjCTests */ = {
			isa = PBXNativeTarget;
			buildConfigurationList = 5EAC6EAF1CD1570400913493 /* Build configuration list for PBXNativeTarget "listViewObjCTests" */;
			buildPhases = (
				5EAC6E941CD1570400913493 /* Sources */,
				5EAC6E951CD1570400913493 /* Frameworks */,
				5EAC6E961CD1570400913493 /* Resources */,
			);
			buildRules = (
			);
			dependencies = (
				5EAC6E9A1CD1570400913493 /* PBXTargetDependency */,
			);
			name = listViewObjCTests;
			productName = listViewObjCTests;
			productReference = 5EAC6E981CD1570400913493 /* listViewObjCTests.xctest */;
			productType = "com.apple.product-type.bundle.unit-test";
		};
		5EAC6EA21CD1570400913493 /* listViewObjCUITests */ = {
			isa = PBXNativeTarget;
			buildConfigurationList = 5EAC6EB21CD1570400913493 /* Build configuration list for PBXNativeTarget "listViewObjCUITests" */;
			buildPhases = (
				5EAC6E9F1CD1570400913493 /* Sources */,
				5EAC6EA01CD1570400913493 /* Frameworks */,
				5EAC6EA11CD1570400913493 /* Resources */,
			);
			buildRules = (
			);
			dependencies = (
				5EAC6EA51CD1570400913493 /* PBXTargetDependency */,
			);
			name = listViewObjCUITests;
			productName = listViewObjCUITests;
			productReference = 5EAC6EA31CD1570400913493 /* listViewObjCUITests.xctest */;
			productType = "com.apple.product-type.bundle.ui-testing";
		};
/* End PBXNativeTarget section */

/* Begin PBXProject section */
		5EAC6E771CD1570400913493 /* Project object */ = {
			isa = PBXProject;
			attributes = {
				LastUpgradeCheck = 0730;
				ORGANIZATIONNAME = Igor;
				TargetAttributes = {
					5EAC6E7E1CD1570400913493 = {
						CreatedOnToolsVersion = 7.3;
					};
					5EAC6E971CD1570400913493 = {
						CreatedOnToolsVersion = 7.3;
						TestTargetID = 5EAC6E7E1CD1570400913493;
					};
					5EAC6EA21CD1570400913493 = {
						CreatedOnToolsVersion = 7.3;
						TestTargetID = 5EAC6E7E1CD1570400913493;
					};
				};
			};
			buildConfigurationList = 5EAC6E7A1CD1570400913493 /* Build configuration list for PBXProject "listViewObjC" */;
			compatibilityVersion = "Xcode 3.2";
			developmentRegion = English;
			hasScannedForEncodings = 0;
			knownRegions = (
				en,
				Base,
			);
			mainGroup = 5EAC6E761CD1570400913493;
			productRefGroup = 5EAC6E801CD1570400913493 /* Products */;
			projectDirPath = "";
			projectRoot = "";
			targets = (
				5EAC6E7E1CD1570400913493 /* listViewObjC */,
				5EAC6E971CD1570400913493 /* listViewObjCTests */,
				5EAC6EA21CD1570400913493 /* listViewObjCUITests */,
			);
		};
/* End PBXProject section */

/* Begin PBXResourcesBuildPhase section */
		5EAC6E7D1CD1570400913493 /* Resources */ = {
			isa = PBXResourcesBuildPhase;
			buildActionMask = 2147483647;
			files = (
				5EAC6E921CD1570400913493 /* LaunchScreen.storyboard in Resources */,
				5EAC6E8F1CD1570400913493 /* Assets.xcassets in Resources */,
				5EAC6E8D1CD1570400913493 /* Main.storyboard in Resources */,
			);
			runOnlyForDeploymentPostprocessing = 0;
		};
		5EAC6E961CD1570400913493 /* Resources */ = {
			isa = PBXResourcesBuildPhase;
			buildActionMask = 2147483647;
			files = (
			);
			runOnlyForDeploymentPostprocessing = 0;
		};
		5EAC6EA11CD1570400913493 /* Resources */ = {
			isa = PBXResourcesBuildPhase;
			buildActionMask = 2147483647;
			files = (
			);
			runOnlyForDeploymentPostprocessing = 0;
		};
/* End PBXResourcesBuildPhase section */

/* Begin PBXSourcesBuildPhase section */
		5EAC6E7B1CD1570400913493 /* Sources */ = {
			isa = PBXSourcesBuildPhase;
			buildActionMask = 2147483647;
			files = (
				5EAC6E8A1CD1570400913493 /* ViewController.m in Sources */,
				5EAC6E871CD1570400913493 /* AppDelegate.m in Sources */,
				5EAC6E841CD1570400913493 /* main.m in Sources */,
			);
			runOnlyForDeploymentPostprocessing = 0;
		};
		5EAC6E941CD1570400913493 /* Sources */ = {
			isa = PBXSourcesBuildPhase;
			buildActionMask = 2147483647;
			files = (
				5EAC6E9D1CD1570400913493 /* listViewObjCTests.m in Sources */,
			);
			runOnlyForDeploymentPostprocessing = 0;
		};
		5EAC6E9F1CD1570400913493 /* Sources */ = {
			isa = PBXSourcesBuildPhase;
			buildActionMask = 2147483647;
			files = (
				5EAC6EA81CD1570400913493 /* listViewObjCUITests.m in Sources */,
			);
			runOnlyForDeploymentPostprocessing = 0;
		};
/* End PBXSourcesBuildPhase section */

/* Begin PBXTargetDependency section */
		5EAC6E9A1CD1570400913493 /* PBXTargetDependency */ = {
			isa = PBXTargetDependency;
			target = 5EAC6E7E1CD1570400913493 /* listViewObjC */;
			targetProxy = 5EAC6E991CD1570400913493 /* PBXContainerItemProxy */;
		};
		5EAC6EA51CD1570400913493 /* PBXTargetDependency */ = {
			isa = PBXTargetDependency;
			target = 5EAC6E7E1CD1570400913493 /* listViewObjC */;
			targetProxy = 5EAC6EA41CD1570400913493 /* PBXContainerItemProxy */;
		};
/* End PBXTargetDependency section */

/* Begin PBXVariantGroup section */
		5EAC6E8B1CD1570400913493 /* Main.storyboard */ = {
			isa = PBXVariantGroup;
			children = (
				5EAC6E8C1CD1570400913493 /* Base */,
			);
			name = Main.storyboard;
			sourceTree = "<group>";
		};
		5EAC6E901CD1570400913493 /* LaunchScreen.storyboard */ = {
			isa = PBXVariantGroup;
			children = (
				5EAC6E911CD1570400913493 /* Base */,
			);
			name = LaunchScreen.storyboard;
			sourceTree = "<group>";
		};
/* End PBXVariantGroup section */

/* Begin XCBuildConfiguration section */
		5EAC6EAA1CD1570400913493 /* Debug */ = {
			isa = XCBuildConfiguration;
			buildSettings = {
				ALWAYS_SEARCH_USER_PATHS = NO;
				CLANG_ANALYZER_NONNULL = YES;
				CLANG_CXX_LANGUAGE_STANDARD = "gnu++0x";
				CLANG_CXX_LIBRARY = "libc++";
				CLANG_ENABLE_MODULES = YES;
				CLANG_ENABLE_OBJC_ARC = YES;
				CLANG_WARN_BOOL_CONVERSION = YES;
				CLANG_WARN_CONSTANT_CONVERSION = YES;
				CLANG_WARN_DIRECT_OBJC_ISA_USAGE = YES_ERROR;
				CLANG_WARN_EMPTY_BODY = YES;
				CLANG_WARN_ENUM_CONVERSION = YES;
				CLANG_WARN_INT_CONVERSION = YES;
				CLANG_WARN_OBJC_ROOT_CLASS = YES_ERROR;
				CLANG_WARN_UNREACHABLE_CODE = YES;
				CLANG_WARN__DUPLICATE_METHOD_MATCH = YES;
				"CODE_SIGN_IDENTITY[sdk=iphoneos*]" = "iPhone Developer";
				COPY_PHASE_STRIP = NO;
				DEBUG_INFORMATION_FORMAT = dwarf;
				ENABLE_STRICT_OBJC_MSGSEND = YES;
				ENABLE_TESTABILITY = YES;
				GCC_C_LANGUAGE_STANDARD = gnu99;
				GCC_DYNAMIC_NO_PIC = NO;
				GCC_NO_COMMON_BLOCKS = YES;
				GCC_OPTIMIZATION_LEVEL = 0;
				GCC_PREPROCESSOR_DEFINITIONS = (
					"DEBUG=1",
					"$(inherited)",
				);
				GCC_WARN_64_TO_32_BIT_CONVERSION = YES;
				GCC_WARN_ABOUT_RETURN_TYPE = YES_ERROR;
				GCC_WARN_UNDECLARED_SELECTOR = YES;
				GCC_WARN_UNINITIALIZED_AUTOS = YES_AGGRESSIVE;
				GCC_WARN_UNUSED_FUNCTION = YES;
				GCC_WARN_UNUSED_VARIABLE = YES;
				IPHONEOS_DEPLOYMENT_TARGET = 9.3;
				MTL_ENABLE_DEBUG_INFO = YES;
				ONLY_ACTIVE_ARCH = YES;
				SDKROOT = iphoneos;
				TARGETED_DEVICE_FAMILY = "1,2";
			};
			name = Debug;
		};
		5EAC6EAB1CD1570400913493 /* Release */ = {
			isa = XCBuildConfiguration;
			buildSettings = {
				ALWAYS_SEARCH_USER_PATHS = NO;
				CLANG_ANALYZER_NONNULL = YES;
				CLANG_CXX_LANGUAGE_STANDARD = "gnu++0x";
				CLANG_CXX_LIBRARY = "libc++";
				CLANG_ENABLE_MODULES = YES;
				CLANG_ENABLE_OBJC_ARC = YES;
				CLANG_WARN_BOOL_CONVERSION = YES;
				CLANG_WARN_CONSTANT_CONVERSION = YES;
				CLANG_WARN_DIRECT_OBJC_ISA_USAGE = YES_ERROR;
				CLANG_WARN_EMPTY_BODY = YES;
				CLANG_WARN_ENUM_CONVERSION = YES;
				CLANG_WARN_INT_CONVERSION = YES;
				CLANG_WARN_OBJC_ROOT_CLASS = YES_ERROR;
				CLANG_WARN_UNREACHABLE_CODE = YES;
				CLANG_WARN__DUPLICATE_METHOD_MATCH = YES;
				"CODE_SIGN_IDENTITY[sdk=iphoneos*]" = "iPhone Developer";
				COPY_PHASE_STRIP = NO;
				DEBUG_INFORMATION_FORMAT = "dwarf-with-dsym";
				ENABLE_NS_ASSERTIONS = NO;
				ENABLE_STRICT_OBJC_MSGSEND = YES;
				GCC_C_LANGUAGE_STANDARD = gnu99;
				GCC_NO_COMMON_BLOCKS = YES;
				GCC_WARN_64_TO_32_BIT_CONVERSION = YES;
				GCC_WARN_ABOUT_RETURN_TYPE = YES_ERROR;
				GCC_WARN_UNDECLARED_SELECTOR = YES;
				GCC_WARN_UNINITIALIZED_AUTOS = YES_AGGRESSIVE;
				GCC_WARN_UNUSED_FUNCTION = YES;
				GCC_WARN_UNUSED_VARIABLE = YES;
				IPHONEOS_DEPLOYMENT_TARGET = 9.3;
				MTL_ENABLE_DEBUG_INFO = NO;
				SDKROOT = iphoneos;
				TARGETED_DEVICE_FAMILY = "1,2";
				VALIDATE_PRODUCT = YES;
			};
			name = Release;
		};
		5EAC6EAD1CD1570400913493 /* Debug */ = {
			isa = XCBuildConfiguration;
			buildSettings = {
				ASSETCATALOG_COMPILER_APPICON_NAME = AppIcon;
				INFOPLIST_FILE = listViewObjC/Info.plist;
				LD_RUNPATH_SEARCH_PATHS = "$(inherited) @executable_path/Frameworks";
				PRODUCT_BUNDLE_IDENTIFIER = br.com.igorvilar.listViewObjC;
				PRODUCT_NAME = "$(TARGET_NAME)";
			};
			name = Debug;
		};
		5EAC6EAE1CD1570400913493 /* Release */ = {
			isa = XCBuildConfiguration;
			buildSettings = {
				ASSETCATALOG_COMPILER_APPICON_NAME = AppIcon;
				INFOPLIST_FILE = listViewObjC/Info.plist;
				LD_RUNPATH_SEARCH_PATHS = "$(inherited) @executable_path/Frameworks";
				PRODUCT_BUNDLE_IDENTIFIER = br.com.igorvilar.listViewObjC;
				PRODUCT_NAME = "$(TARGET_NAME)";
			};
			name = Release;
		};
		5EAC6EB01CD1570400913493 /* Debug */ = {
			isa = XCBuildConfiguration;
			buildSettings = {
				BUNDLE_LOADER = "$(TEST_HOST)";
				INFOPLIST_FILE = listViewObjCTests/Info.plist;
				LD_RUNPATH_SEARCH_PATHS = "$(inherited) @executable_path/Frameworks @loader_path/Frameworks";
				PRODUCT_BUNDLE_IDENTIFIER = br.com.igorvilar.listViewObjCTests;
				PRODUCT_NAME = "$(TARGET_NAME)";
				TEST_HOST = "$(BUILT_PRODUCTS_DIR)/listViewObjC.app/listViewObjC";
			};
			name = Debug;
		};
		5EAC6EB11CD1570400913493 /* Release */ = {
			isa = XCBuildConfiguration;
			buildSettings = {
				BUNDLE_LOADER = "$(TEST_HOST)";
				INFOPLIST_FILE = listViewObjCTests/Info.plist;
				LD_RUNPATH_SEARCH_PATHS = "$(inherited) @executable_path/Frameworks @loader_path/Frameworks";
				PRODUCT_BUNDLE_IDENTIFIER = br.com.igorvilar.listViewObjCTests;
				PRODUCT_NAME = "$(TARGET_NAME)";
				TEST_HOST = "$(BUILT_PRODUCTS_DIR)/listViewObjC.app/listViewObjC";
			};
			name = Release;
		};
		5EAC6EB31CD1570400913493 /* Debug */ = {
			isa = XCBuildConfiguration;
			buildSettings = {
				INFOPLIST_FILE = listViewObjCUITests/Info.plist;
				LD_RUNPATH_SEARCH_PATHS = "$(inherited) @executable_path/Frameworks @loader_path/Frameworks";
				PRODUCT_BUNDLE_IDENTIFIER = br.com.igorvilar.listViewObjCUITests;
				PRODUCT_NAME = "$(TARGET_NAME)";
				TEST_TARGET_NAME = listViewObjC;
			};
			name = Debug;
		};
		5EAC6EB41CD1570400913493 /* Release */ = {
			isa = XCBuildConfiguration;
			buildSettings = {
				INFOPLIST_FILE = listViewObjCUITests/Info.plist;
				LD_RUNPATH_SEARCH_PATHS = "$(inherited) @executable_path/Frameworks @loader_path/Frameworks";
				PRODUCT_BUNDLE_IDENTIFIER = br.com.igorvilar.listViewObjCUITests;
				PRODUCT_NAME = "$(TARGET_NAME)";
				TEST_TARGET_NAME = listViewObjC;
			};
			name = Release;
		};
/* End XCBuildConfiguration section */

/* Begin XCConfigurationList section */
		5EAC6E7A1CD1570400913493 /* Build configuration list for PBXProject "listViewObjC" */ = {
			isa = XCConfigurationList;
			buildConfigurations = (
				5EAC6EAA1CD1570400913493 /* Debug */,
				5EAC6EAB1CD1570400913493 /* Release */,
			);
			defaultConfigurationIsVisible = 0;
			defaultConfigurationName = Release;
		};
		5EAC6EAC1CD1570400913493 /* Build configuration list for PBXNativeTarget "listViewObjC" */ = {
			isa = XCConfigurationList;
			buildConfigurations = (
				5EAC6EAD1CD1570400913493 /* Debug */,
				5EAC6EAE1CD1570400913493 /* Release */,
			);
			defaultConfigurationIsVisible = 0;
		};
		5EAC6EAF1CD1570400913493 /* Build configuration list for PBXNativeTarget "listViewObjCTests" */ = {
			isa = XCConfigurationList;
			buildConfigurations = (
				5EAC6EB01CD1570400913493 /* Debug */,
				5EAC6EB11CD1570400913493 /* Release */,
			);
			defaultConfigurationIsVisible = 0;
		};
		5EAC6EB21CD1570400913493 /* Build configuration list for PBXNativeTarget "listViewObjCUITests" */ = {
			isa = XCConfigurationList;
			buildConfigurations = (
				5EAC6EB31CD1570400913493 /* Debug */,
				5EAC6EB41CD1570400913493 /* Release */,
			);
			defaultConfigurationIsVisible = 0;
		};
/* End XCConfigurationList section */
	};
	rootObject = 5EAC6E771CD1570400913493 /* Project object */;
}
